// !$*UTF8*$!
{
	archiveVersion = 1;
	classes = {
	};
	objectVersion = 50;
	objects = {

/* Begin PBXBuildFile section */
		BA444C87258AA5B700DD34E0 /* AppDelegate.swift in Sources */ = {isa = PBXBuildFile; fileRef = BA444C86258AA5B700DD34E0 /* AppDelegate.swift */; };
		BA444C89258AA5B700DD34E0 /* SceneDelegate.swift in Sources */ = {isa = PBXBuildFile; fileRef = BA444C88258AA5B700DD34E0 /* SceneDelegate.swift */; };
		BA444C8B258AA5B700DD34E0 /* ViewController.swift in Sources */ = {isa = PBXBuildFile; fileRef = BA444C8A258AA5B700DD34E0 /* ViewController.swift */; };
		BA444C8E258AA5B700DD34E0 /* Main.storyboard in Resources */ = {isa = PBXBuildFile; fileRef = BA444C8C258AA5B700DD34E0 /* Main.storyboard */; };
		BA444C91258AA5B700DD34E0 /* ZomatoRestaurants.xcdatamodeld in Sources */ = {isa = PBXBuildFile; fileRef = BA444C8F258AA5B700DD34E0 /* ZomatoRestaurants.xcdatamodeld */; };
		BA444C93258AA5B900DD34E0 /* Assets.xcassets in Resources */ = {isa = PBXBuildFile; fileRef = BA444C92258AA5B900DD34E0 /* Assets.xcassets */; };
		BA444C96258AA5B900DD34E0 /* LaunchScreen.storyboard in Resources */ = {isa = PBXBuildFile; fileRef = BA444C94258AA5B900DD34E0 /* LaunchScreen.storyboard */; };
/* End PBXBuildFile section */

/* Begin PBXFileReference section */
		BA444C83258AA5B700DD34E0 /* ZomatoRestaurants.app */ = {isa = PBXFileReference; explicitFileType = wrapper.application; includeInIndex = 0; path = ZomatoRestaurants.app; sourceTree = BUILT_PRODUCTS_DIR; };
		BA444C86258AA5B700DD34E0 /* AppDelegate.swift */ = {isa = PBXFileReference; lastKnownFileType = sourcecode.swift; path = AppDelegate.swift; sourceTree = "<group>"; };
		BA444C88258AA5B700DD34E0 /* SceneDelegate.swift */ = {isa = PBXFileReference; lastKnownFileType = sourcecode.swift; path = SceneDelegate.swift; sourceTree = "<group>"; };
		BA444C8A258AA5B700DD34E0 /* ViewController.swift */ = {isa = PBXFileReference; lastKnownFileType = sourcecode.swift; path = ViewController.swift; sourceTree = "<group>"; };
		BA444C8D258AA5B700DD34E0 /* Base */ = {isa = PBXFileReference; lastKnownFileType = file.storyboard; name = Base; path = Base.lproj/Main.storyboard; sourceTree = "<group>"; };
		BA444C90258AA5B700DD34E0 /* ZomatoRestaurants.xcdatamodel */ = {isa = PBXFileReference; lastKnownFileType = wrapper.xcdatamodel; path = ZomatoRestaurants.xcdatamodel; sourceTree = "<group>"; };
		BA444C92258AA5B900DD34E0 /* Assets.xcassets */ = {isa = PBXFileReference; lastKnownFileType = folder.assetcatalog; path = Assets.xcassets; sourceTree = "<group>"; };
		BA444C95258AA5B900DD34E0 /* Base */ = {isa = PBXFileReference; lastKnownFileType = file.storyboard; name = Base; path = Base.lproj/LaunchScreen.storyboard; sourceTree = "<group>"; };
		BA444C97258AA5B900DD34E0 /* Info.plist */ = {isa = PBXFileReference; lastKnownFileType = text.plist.xml; path = Info.plist; sourceTree = "<group>"; };
/* End PBXFileReference section */

/* Begin PBXFrameworksBuildPhase section */
		BA444C80258AA5B700DD34E0 /* Frameworks */ = {
			isa = PBXFrameworksBuildPhase;
			buildActionMask = 2147483647;
			files = (
			);
			runOnlyForDeploymentPostprocessing = 0;
		};
/* End PBXFrameworksBuildPhase section */

/* Begin PBXGroup section */
		BA444C7A258AA5B700DD34E0 = {
			isa = PBXGroup;
			children = (
				BA444C85258AA5B700DD34E0 /* ZomatoRestaurants */,
				BA444C84258AA5B700DD34E0 /* Products */,
			);
			sourceTree = "<group>";
		};
		BA444C84258AA5B700DD34E0 /* Products */ = {
			isa = PBXGroup;
			children = (
				BA444C83258AA5B700DD34E0 /* ZomatoRestaurants.app */,
			);
			name = Products;
			sourceTree = "<group>";
		};
		BA444C85258AA5B700DD34E0 /* ZomatoRestaurants */ = {
			isa = PBXGroup;
			children = (
				BA444C86258AA5B700DD34E0 /* AppDelegate.swift */,
				BA444C88258AA5B700DD34E0 /* SceneDelegate.swift */,
				BA444C8A258AA5B700DD34E0 /* ViewController.swift */,
				BA444C8C258AA5B700DD34E0 /* Main.storyboard */,
				BA444C92258AA5B900DD34E0 /* Assets.xcassets */,
				BA444C94258AA5B900DD34E0 /* LaunchScreen.storyboard */,
				BA444C97258AA5B900DD34E0 /* Info.plist */,
				BA444C8F258AA5B700DD34E0 /* ZomatoRestaurants.xcdatamodeld */,
			);
			path = ZomatoRestaurants;
			sourceTree = "<group>";
		};
/* End PBXGroup section */

/* Begin PBXNativeTarget section */
		BA444C82258AA5B700DD34E0 /* ZomatoRestaurants */ = {
			isa = PBXNativeTarget;
			buildConfigurationList = BA444C9A258AA5B900DD34E0 /* Build configuration list for PBXNativeTarget "ZomatoRestaurants" */;
			buildPhases = (
				BA444C7F258AA5B700DD34E0 /* Sources */,
				BA444C80258AA5B700DD34E0 /* Frameworks */,
				BA444C81258AA5B700DD34E0 /* Resources */,
			);
			buildRules = (
			);
			dependencies = (
			);
			name = ZomatoRestaurants;
			productName = ZomatoRestaurants;
			productReference = BA444C83258AA5B700DD34E0 /* ZomatoRestaurants.app */;
			productType = "com.apple.product-type.application";
		};
/* End PBXNativeTarget section */

/* Begin PBXProject section */
		BA444C7B258AA5B700DD34E0 /* Project object */ = {
			isa = PBXProject;
			attributes = {
				LastSwiftUpdateCheck = 1220;
				LastUpgradeCheck = 1220;
				TargetAttributes = {
					BA444C82258AA5B700DD34E0 = {
						CreatedOnToolsVersion = 12.2;
					};
				};
			};
			buildConfigurationList = BA444C7E258AA5B700DD34E0 /* Build configuration list for PBXProject "ZomatoRestaurants" */;
			compatibilityVersion = "Xcode 9.3";
			developmentRegion = en;
			hasScannedForEncodings = 0;
			knownRegions = (
				en,
				Base,
			);
			mainGroup = BA444C7A258AA5B700DD34E0;
			productRefGroup = BA444C84258AA5B700DD34E0 /* Products */;
			projectDirPath = "";
			projectRoot = "";
			targets = (
				BA444C82258AA5B700DD34E0 /* ZomatoRestaurants */,
			);
		};
/* End PBXProject section */

/* Begin PBXResourcesBuildPhase section */
		BA444C81258AA5B700DD34E0 /* Resources */ = {
			isa = PBXResourcesBuildPhase;
			buildActionMask = 2147483647;
			files = (
				BA444C96258AA5B900DD34E0 /* LaunchScreen.storyboard in Resources */,
				BA444C93258AA5B900DD34E0 /* Assets.xcassets in Resources */,
				BA444C8E258AA5B700DD34E0 /* Main.storyboard in Resources */,
			);
			runOnlyForDeploymentPostprocessing = 0;
		};
/* End PBXResourcesBuildPhase section */

/* Begin PBXSourcesBuildPhase section */
		BA444C7F258AA5B700DD34E0 /* Sources */ = {
			isa = PBXSourcesBuildPhase;
			buildActionMask = 2147483647;
			files = (
				BA444C91258AA5B700DD34E0 /* ZomatoRestaurants.xcdatamodeld in Sources */,
				BA444C8B258AA5B700DD34E0 /* ViewController.swift in Sources */,
				BA444C87258AA5B700DD34E0 /* AppDelegate.swift in Sources */,
				BA444C89258AA5B700DD34E0 /* SceneDelegate.swift in Sources */,
			);
			runOnlyForDeploymentPostprocessing = 0;
		};
/* End PBXSourcesBuildPhase section */

/* Begin PBXVariantGroup section */
		BA444C8C258AA5B700DD34E0 /* Main.storyboard */ = {
			isa = PBXVariantGroup;
			children = (
				BA444C8D258AA5B700DD34E0 /* Base */,
			);
			name = Main.storyboard;
			sourceTree = "<group>";
		};
		BA444C94258AA5B900DD34E0 /* LaunchScreen.storyboard */ = {
			isa = PBXVariantGroup;
			children = (
				BA444C95258AA5B900DD34E0 /* Base */,
			);
			name = LaunchScreen.storyboard;
			sourceTree = "<group>";
		};
/* End PBXVariantGroup section */

/* Begin XCBuildConfiguration section */
		BA444C98258AA5B900DD34E0 /* Debug */ = {
			isa = XCBuildConfiguration;
			buildSettings = {
				ALWAYS_SEARCH_USER_PATHS = NO;
				CLANG_ANALYZER_NONNULL = YES;
				CLANG_ANALYZER_NUMBER_OBJECT_CONVERSION = YES_AGGRESSIVE;
				CLANG_CXX_LANGUAGE_STANDARD = "gnu++14";
				CLANG_CXX_LIBRARY = "libc++";
				CLANG_ENABLE_MODULES = YES;
				CLANG_ENABLE_OBJC_ARC = YES;
				CLANG_ENABLE_OBJC_WEAK = YES;
				CLANG_WARN_BLOCK_CAPTURE_AUTORELEASING = YES;
				CLANG_WARN_BOOL_CONVERSION = YES;
				CLANG_WARN_COMMA = YES;
				CLANG_WARN_CONSTANT_CONVERSION = YES;
				CLANG_WARN_DEPRECATED_OBJC_IMPLEMENTATIONS = YES;
				CLANG_WARN_DIRECT_OBJC_ISA_USAGE = YES_ERROR;
				CLANG_WARN_DOCUMENTATION_COMMENTS = YES;
				CLANG_WARN_EMPTY_BODY = YES;
				CLANG_WARN_ENUM_CONVERSION = YES;
				CLANG_WARN_INFINITE_RECURSION = YES;
				CLANG_WARN_INT_CONVERSION = YES;
				CLANG_WARN_NON_LITERAL_NULL_CONVERSION = YES;
				CLANG_WARN_OBJC_IMPLICIT_RETAIN_SELF = YES;
				CLANG_WARN_OBJC_LITERAL_CONVERSION = YES;
				CLANG_WARN_OBJC_ROOT_CLASS = YES_ERROR;
				CLANG_WARN_QUOTED_INCLUDE_IN_FRAMEWORK_HEADER = YES;
				CLANG_WARN_RANGE_LOOP_ANALYSIS = YES;
				CLANG_WARN_STRICT_PROTOTYPES = YES;
				CLANG_WARN_SUSPICIOUS_MOVE = YES;
				CLANG_WARN_UNGUARDED_AVAILABILITY = YES_AGGRESSIVE;
				CLANG_WARN_UNREACHABLE_CODE = YES;
				CLANG_WARN__DUPLICATE_METHOD_MATCH = YES;
				COPY_PHASE_STRIP = NO;
				DEBUG_INFORMATION_FORMAT = dwarf;
				ENABLE_STRICT_OBJC_MSGSEND = YES;
				ENABLE_TESTABILITY = YES;
				GCC_C_LANGUAGE_STANDARD = gnu11;
				GCC_DYNAMIC_NO_PIC = NO;
				GCC_NO_COMMON_BLOCKS = YES;
				GCC_OPTIMIZATION_LEVEL = 0;
				GCC_PREPROCESSOR_DEFINITIONS = (
					"DEBUG=1",
					"$(inherited)",
				);
				GCC_WARN_64_TO_32_BIT_CONVERSION = YES;
				GCC_WARN_ABOUT_RETURN_TYPE = YES_ERROR;
				GCC_WARN_UNDECLARED_SELECTOR = YES;
				GCC_WARN_UNINITIALIZED_AUTOS = YES_AGGRESSIVE;
				GCC_WARN_UNUSED_FUNCTION = YES;
				GCC_WARN_UNUSED_VARIABLE = YES;
				IPHONEOS_DEPLOYMENT_TARGET = 14.2;
				MTL_ENABLE_DEBUG_INFO = INCLUDE_SOURCE;
				MTL_FAST_MATH = YES;
				ONLY_ACTIVE_ARCH = YES;
				SDKROOT = iphoneos;
				SWIFT_ACTIVE_COMPILATION_CONDITIONS = DEBUG;
				SWIFT_OPTIMIZATION_LEVEL = "-Onone";
			};
			name = Debug;
		};
		BA444C99258AA5B900DD34E0 /* Release */ = {
			isa = XCBuildConfiguration;
			buildSettings = {
				ALWAYS_SEARCH_USER_PATHS = NO;
				CLANG_ANALYZER_NONNULL = YES;
				CLANG_ANALYZER_NUMBER_OBJECT_CONVERSION = YES_AGGRESSIVE;
				CLANG_CXX_LANGUAGE_STANDARD = "gnu++14";
				CLANG_CXX_LIBRARY = "libc++";
				CLANG_ENABLE_MODULES = YES;
				CLANG_ENABLE_OBJC_ARC = YES;
				CLANG_ENABLE_OBJC_WEAK = YES;
				CLANG_WARN_BLOCK_CAPTURE_AUTORELEASING = YES;
				CLANG_WARN_BOOL_CONVERSION = YES;
				CLANG_WARN_COMMA = YES;
				CLANG_WARN_CONSTANT_CONVERSION = YES;
				CLANG_WARN_DEPRECATED_OBJC_IMPLEMENTATIONS = YES;
				CLANG_WARN_DIRECT_OBJC_ISA_USAGE = YES_ERROR;
				CLANG_WARN_DOCUMENTATION_COMMENTS = YES;
				CLANG_WARN_EMPTY_BODY = YES;
				CLANG_WARN_ENUM_CONVERSION = YES;
				CLANG_WARN_INFINITE_RECURSION = YES;
				CLANG_WARN_INT_CONVERSION = YES;
				CLANG_WARN_NON_LITERAL_NULL_CONVERSION = YES;
				CLANG_WARN_OBJC_IMPLICIT_RETAIN_SELF = YES;
				CLANG_WARN_OBJC_LITERAL_CONVERSION = YES;
				CLANG_WARN_OBJC_ROOT_CLASS = YES_ERROR;
				CLANG_WARN_QUOTED_INCLUDE_IN_FRAMEWORK_HEADER = YES;
				CLANG_WARN_RANGE_LOOP_ANALYSIS = YES;
				CLANG_WARN_STRICT_PROTOTYPES = YES;
				CLANG_WARN_SUSPICIOUS_MOVE = YES;
				CLANG_WARN_UNGUARDED_AVAILABILITY = YES_AGGRESSIVE;
				CLANG_WARN_UNREACHABLE_CODE = YES;
				CLANG_WARN__DUPLICATE_METHOD_MATCH = YES;
				COPY_PHASE_STRIP = NO;
				DEBUG_INFORMATION_FORMAT = "dwarf-with-dsym";
				ENABLE_NS_ASSERTIONS = NO;
				ENABLE_STRICT_OBJC_MSGSEND = YES;
				GCC_C_LANGUAGE_STANDARD = gnu11;
				GCC_NO_COMMON_BLOCKS = YES;
				GCC_WARN_64_TO_32_BIT_CONVERSION = YES;
				GCC_WARN_ABOUT_RETURN_TYPE = YES_ERROR;
				GCC_WARN_UNDECLARED_SELECTOR = YES;
				GCC_WARN_UNINITIALIZED_AUTOS = YES_AGGRESSIVE;
				GCC_WARN_UNUSED_FUNCTION = YES;
				GCC_WARN_UNUSED_VARIABLE = YES;
				IPHONEOS_DEPLOYMENT_TARGET = 14.2;
				MTL_ENABLE_DEBUG_INFO = NO;
				MTL_FAST_MATH = YES;
				SDKROOT = iphoneos;
				SWIFT_COMPILATION_MODE = wholemodule;
				SWIFT_OPTIMIZATION_LEVEL = "-O";
				VALIDATE_PRODUCT = YES;
			};
			name = Release;
		};
		BA444C9B258AA5B900DD34E0 /* Debug */ = {
			isa = XCBuildConfiguration;
			buildSettings = {
				ASSETCATALOG_COMPILER_APPICON_NAME = AppIcon;
				ASSETCATALOG_COMPILER_GLOBAL_ACCENT_COLOR_NAME = AccentColor;
				CODE_SIGN_STYLE = Automatic;
				DEVELOPMENT_TEAM = 8TKS7JDT5X;
				INFOPLIST_FILE = ZomatoRestaurants/Info.plist;
				LD_RUNPATH_SEARCH_PATHS = (
					"$(inherited)",
					"@executable_path/Frameworks",
				);
				PRODUCT_BUNDLE_IDENTIFIER = com.tundejs.ZomatoRestaurants;
				PRODUCT_NAME = "$(TARGET_NAME)";
				SWIFT_VERSION = 5.0;
				TARGETED_DEVICE_FAMILY = "1,2";
			};
			name = Debug;
		};
		BA444C9C258AA5B900DD34E0 /* Release */ = {
			isa = XCBuildConfiguration;
			buildSettings = {
				ASSETCATALOG_COMPILER_APPICON_NAME = AppIcon;
				ASSETCATALOG_COMPILER_GLOBAL_ACCENT_COLOR_NAME = AccentColor;
				CODE_SIGN_STYLE = Automatic;
				DEVELOPMENT_TEAM = 8TKS7JDT5X;
				INFOPLIST_FILE = ZomatoRestaurants/Info.plist;
				LD_RUNPATH_SEARCH_PATHS = (
					"$(inherited)",
					"@executable_path/Frameworks",
				);
				PRODUCT_BUNDLE_IDENTIFIER = com.tundejs.ZomatoRestaurants;
				PRODUCT_NAME = "$(TARGET_NAME)";
				SWIFT_VERSION = 5.0;
				TARGETED_DEVICE_FAMILY = "1,2";
			};
			name = Release;
		};
/* End XCBuildConfiguration section */

/* Begin XCConfigurationList section */
		BA444C7E258AA5B700DD34E0 /* Build configuration list for PBXProject "ZomatoRestaurants" */ = {
			isa = XCConfigurationList;
			buildConfigurations = (
				BA444C98258AA5B900DD34E0 /* Debug */,
				BA444C99258AA5B900DD34E0 /* Release */,
			);
			defaultConfigurationIsVisible = 0;
			defaultConfigurationName = Release;
		};
		BA444C9A258AA5B900DD34E0 /* Build configuration list for PBXNativeTarget "ZomatoRestaurants" */ = {
			isa = XCConfigurationList;
			buildConfigurations = (
				BA444C9B258AA5B900DD34E0 /* Debug */,
				BA444C9C258AA5B900DD34E0 /* Release */,
			);
			defaultConfigurationIsVisible = 0;
			defaultConfigurationName = Release;
		};
/* End XCConfigurationList section */

/* Begin XCVersionGroup section */
		BA444C8F258AA5B700DD34E0 /* ZomatoRestaurants.xcdatamodeld */ = {
			isa = XCVersionGroup;
			children = (
				BA444C90258AA5B700DD34E0 /* ZomatoRestaurants.xcdatamodel */,
			);
			currentVersion = BA444C90258AA5B700DD34E0 /* ZomatoRestaurants.xcdatamodel */;
			path = ZomatoRestaurants.xcdatamodeld;
			sourceTree = "<group>";
			versionGroupType = wrapper.xcdatamodel;
		};
/* End XCVersionGroup section */
	};
	rootObject = BA444C7B258AA5B700DD34E0 /* Project object */;
}
